
Microsoft Visual Studio Solution File, Format Version 12.00
# Visual Studio Version 17
VisualStudioVersion = 17.0.31903.59
MinimumVisualStudioVersion = 10.0.40219.1
Project("{FAE04EC0-301F-11D3-BF4B-00C04F79EFBC}") = "Discounts.Api", "Discounts.Api\Discounts.Api.csproj", "{4DFA1D03-1F03-4099-AB49-CCE26A933858}"
EndProject
Project("{FAE04EC0-301F-11D3-BF4B-00C04F79EFBC}") = "Discounts.Tests", "Discounts.Tests\Discounts.Tests.csproj", "{38D4A67C-638B-4C1B-B13A-BA48FE4AF710}"
EndProject
Global
	GlobalSection(SolutionConfigurationPlatforms) = preSolution
		Debug|Any CPU = Debug|Any CPU
		Debug|x64 = Debug|x64
		Debug|x86 = Debug|x86
		Release|Any CPU = Release|Any CPU
		Release|x64 = Release|x64
		Release|x86 = Release|x86
	EndGlobalSection
	GlobalSection(ProjectConfigurationPlatforms) = postSolution
		{4DFA1D03-1F03-4099-AB49-CCE26A933858}.Debug|Any CPU.ActiveCfg = Debug|Any CPU
		{4DFA1D03-1F03-4099-AB49-CCE26A933858}.Debug|Any CPU.Build.0 = Debug|Any CPU
		{4DFA1D03-1F03-4099-AB49-CCE26A933858}.Debug|x64.ActiveCfg = Debug|Any CPU
		{4DFA1D03-1F03-4099-AB49-CCE26A933858}.Debug|x64.Build.0 = Debug|Any CPU
		{4DFA1D03-1F03-4099-AB49-CCE26A933858}.Debug|x86.ActiveCfg = Debug|Any CPU
		{4DFA1D03-1F03-4099-AB49-CCE26A933858}.Debug|x86.Build.0 = Debug|Any CPU
		{4DFA1D03-1F03-4099-AB49-CCE26A933858}.Release|Any CPU.ActiveCfg = Release|Any CPU
		{4DFA1D03-1F03-4099-AB49-CCE26A933858}.Release|Any CPU.Build.0 = Release|Any CPU
		{4DFA1D03-1F03-4099-AB49-CCE26A933858}.Release|x64.ActiveCfg = Release|Any CPU
		{4DFA1D03-1F03-4099-AB49-CCE26A933858}.Release|x64.Build.0 = Release|Any CPU
		{4DFA1D03-1F03-4099-AB49-CCE26A933858}.Release|x86.ActiveCfg = Release|Any CPU
		{4DFA1D03-1F03-4099-AB49-CCE26A933858}.Release|x86.Build.0 = Release|Any CPU
		{38D4A67C-638B-4C1B-B13A-BA48FE4AF710}.Debug|Any CPU.ActiveCfg = Debug|Any CPU
		{38D4A67C-638B-4C1B-B13A-BA48FE4AF710}.Debug|Any CPU.Build.0 = Debug|Any CPU
		{38D4A67C-638B-4C1B-B13A-BA48FE4AF710}.Debug|x64.ActiveCfg = Debug|Any CPU
		{38D4A67C-638B-4C1B-B13A-BA48FE4AF710}.Debug|x64.Build.0 = Debug|Any CPU
		{38D4A67C-638B-4C1B-B13A-BA48FE4AF710}.Debug|x86.ActiveCfg = Debug|Any CPU
		{38D4A67C-638B-4C1B-B13A-BA48FE4AF710}.Debug|x86.Build.0 = Debug|Any CPU
		{38D4A67C-638B-4C1B-B13A-BA48FE4AF710}.Release|Any CPU.ActiveCfg = Release|Any CPU
		{38D4A67C-638B-4C1B-B13A-BA48FE4AF710}.Release|Any CPU.Build.0 = Release|Any CPU
		{38D4A67C-638B-4C1B-B13A-BA48FE4AF710}.Release|x64.ActiveCfg = Release|Any CPU
		{38D4A67C-638B-4C1B-B13A-BA48FE4AF710}.Release|x64.Build.0 = Release|Any CPU
		{38D4A67C-638B-4C1B-B13A-BA48FE4AF710}.Release|x86.ActiveCfg = Release|Any CPU
		{38D4A67C-638B-4C1B-B13A-BA48FE4AF710}.Release|x86.Build.0 = Release|Any CPU
	EndGlobalSection
	GlobalSection(SolutionProperties) = preSolution
		HideSolutionNode = FALSE
	EndGlobalSection
EndGlobal
